// !$*UTF8*$!
{
	archiveVersion = 1;
	classes = {
	};
	objectVersion = 56;
	objects = {

/* Begin PBXBuildFile section */
		643DC38C2B4F1FC30063F3BA /* RegisterViewController.swift in Sources */ = {isa = PBXBuildFile; fileRef = 643DC38B2B4F1FC30063F3BA /* RegisterViewController.swift */; };
		643DC38E2B4FA9A60063F3BA /* RegisterScreen.swift in Sources */ = {isa = PBXBuildFile; fileRef = 643DC38D2B4FA9A60063F3BA /* RegisterScreen.swift */; };
		643DC3922B4FADD00063F3BA /* HomeViewController.swift in Sources */ = {isa = PBXBuildFile; fileRef = 643DC3912B4FADD00063F3BA /* HomeViewController.swift */; };
		643DC3942B4FADF50063F3BA /* HomeScreen.swift in Sources */ = {isa = PBXBuildFile; fileRef = 643DC3932B4FADF50063F3BA /* HomeScreen.swift */; };
		643DC3962B50A1830063F3BA /* GoogleService-Info.plist in Resources */ = {isa = PBXBuildFile; fileRef = 643DC3952B50A1830063F3BA /* GoogleService-Info.plist */; };
		643DC3992B50A35F0063F3BA /* FirebaseAnalytics in Frameworks */ = {isa = PBXBuildFile; productRef = 643DC3982B50A35F0063F3BA /* FirebaseAnalytics */; };
		643DC39B2B50A35F0063F3BA /* FirebaseAnalyticsOnDeviceConversion in Frameworks */ = {isa = PBXBuildFile; productRef = 643DC39A2B50A35F0063F3BA /* FirebaseAnalyticsOnDeviceConversion */; };
		643DC39D2B50A35F0063F3BA /* FirebaseAnalyticsSwift in Frameworks */ = {isa = PBXBuildFile; productRef = 643DC39C2B50A35F0063F3BA /* FirebaseAnalyticsSwift */; };
		643DC39F2B50A35F0063F3BA /* FirebaseAnalyticsWithoutAdIdSupport in Frameworks */ = {isa = PBXBuildFile; productRef = 643DC39E2B50A35F0063F3BA /* FirebaseAnalyticsWithoutAdIdSupport */; };
		643DC3A12B50A35F0063F3BA /* FirebaseAppCheck in Frameworks */ = {isa = PBXBuildFile; productRef = 643DC3A02B50A35F0063F3BA /* FirebaseAppCheck */; };
		643DC3A32B50A35F0063F3BA /* FirebaseAppDistribution-Beta in Frameworks */ = {isa = PBXBuildFile; productRef = 643DC3A22B50A35F0063F3BA /* FirebaseAppDistribution-Beta */; };
		643DC3A52B50A35F0063F3BA /* FirebaseAuth in Frameworks */ = {isa = PBXBuildFile; productRef = 643DC3A42B50A35F0063F3BA /* FirebaseAuth */; };
		643DC3A72B50A35F0063F3BA /* FirebaseAuthCombine-Community in Frameworks */ = {isa = PBXBuildFile; productRef = 643DC3A62B50A35F0063F3BA /* FirebaseAuthCombine-Community */; };
		643DC3AE2B581DDB0063F3BA /* APIServiceProtocol.swift in Sources */ = {isa = PBXBuildFile; fileRef = 643DC3AD2B581DDB0063F3BA /* APIServiceProtocol.swift */; };
		643DC3B12B581E1A0063F3BA /* HomeViewModel.swift in Sources */ = {isa = PBXBuildFile; fileRef = 643DC3B02B581E1A0063F3BA /* HomeViewModel.swift */; };
		643DC3B42B5820190063F3BA /* Deal.swift in Sources */ = {isa = PBXBuildFile; fileRef = 643DC3B32B5820190063F3BA /* Deal.swift */; };
		643DC3B62B5864020063F3BA /* APIClient.swift in Sources */ = {isa = PBXBuildFile; fileRef = 643DC3B52B5864020063F3BA /* APIClient.swift */; };
		643DC3B92B586F980063F3BA /* DealTableViewCell.swift in Sources */ = {isa = PBXBuildFile; fileRef = 643DC3B82B586F980063F3BA /* DealTableViewCell.swift */; };
		643DC3BB2B587FAB0063F3BA /* APIError.swift in Sources */ = {isa = PBXBuildFile; fileRef = 643DC3BA2B587FAB0063F3BA /* APIError.swift */; };
		6451C4272B4639A9004B488B /* AppDelegate.swift in Sources */ = {isa = PBXBuildFile; fileRef = 6451C4262B4639A9004B488B /* AppDelegate.swift */; };
		6451C4292B4639A9004B488B /* SceneDelegate.swift in Sources */ = {isa = PBXBuildFile; fileRef = 6451C4282B4639A9004B488B /* SceneDelegate.swift */; };
		6451C42B2B4639A9004B488B /* LoginScreen.swift in Sources */ = {isa = PBXBuildFile; fileRef = 6451C42A2B4639A9004B488B /* LoginScreen.swift */; };
		6451C4302B4639AB004B488B /* Assets.xcassets in Resources */ = {isa = PBXBuildFile; fileRef = 6451C42F2B4639AB004B488B /* Assets.xcassets */; };
		6451C4332B4639AB004B488B /* LaunchScreen.storyboard in Resources */ = {isa = PBXBuildFile; fileRef = 6451C4312B4639AB004B488B /* LaunchScreen.storyboard */; };
		6451C4402B470230004B488B /* LoginViewController.swift in Sources */ = {isa = PBXBuildFile; fileRef = 6451C43F2B470230004B488B /* LoginViewController.swift */; };
		64A815E12B49763A008C6E1A /* LoginViewModel.swift in Sources */ = {isa = PBXBuildFile; fileRef = 64A815E02B49763A008C6E1A /* LoginViewModel.swift */; };
		64A815ED2B49B3A5008C6E1A /* RegisterViewModel.swift in Sources */ = {isa = PBXBuildFile; fileRef = 64A815EC2B49B3A5008C6E1A /* RegisterViewModel.swift */; };
/* End PBXBuildFile section */

/* Begin PBXFileReference section */
		643DC38B2B4F1FC30063F3BA /* RegisterViewController.swift */ = {isa = PBXFileReference; lastKnownFileType = sourcecode.swift; path = RegisterViewController.swift; sourceTree = "<group>"; };
		643DC38D2B4FA9A60063F3BA /* RegisterScreen.swift */ = {isa = PBXFileReference; lastKnownFileType = sourcecode.swift; path = RegisterScreen.swift; sourceTree = "<group>"; };
		643DC3912B4FADD00063F3BA /* HomeViewController.swift */ = {isa = PBXFileReference; lastKnownFileType = sourcecode.swift; path = HomeViewController.swift; sourceTree = "<group>"; };
		643DC3932B4FADF50063F3BA /* HomeScreen.swift */ = {isa = PBXFileReference; lastKnownFileType = sourcecode.swift; path = HomeScreen.swift; sourceTree = "<group>"; };
		643DC3952B50A1830063F3BA /* GoogleService-Info.plist */ = {isa = PBXFileReference; fileEncoding = 4; lastKnownFileType = text.plist.xml; path = "GoogleService-Info.plist"; sourceTree = "<group>"; };
		643DC3AD2B581DDB0063F3BA /* APIServiceProtocol.swift */ = {isa = PBXFileReference; lastKnownFileType = sourcecode.swift; path = APIServiceProtocol.swift; sourceTree = "<group>"; };
		643DC3B02B581E1A0063F3BA /* HomeViewModel.swift */ = {isa = PBXFileReference; lastKnownFileType = sourcecode.swift; path = HomeViewModel.swift; sourceTree = "<group>"; };
		643DC3B32B5820190063F3BA /* Deal.swift */ = {isa = PBXFileReference; lastKnownFileType = sourcecode.swift; path = Deal.swift; sourceTree = "<group>"; };
		643DC3B52B5864020063F3BA /* APIClient.swift */ = {isa = PBXFileReference; lastKnownFileType = sourcecode.swift; path = APIClient.swift; sourceTree = "<group>"; };
		643DC3B82B586F980063F3BA /* DealTableViewCell.swift */ = {isa = PBXFileReference; lastKnownFileType = sourcecode.swift; path = DealTableViewCell.swift; sourceTree = "<group>"; };
		643DC3BA2B587FAB0063F3BA /* APIError.swift */ = {isa = PBXFileReference; lastKnownFileType = sourcecode.swift; path = APIError.swift; sourceTree = "<group>"; };
		6451C4232B4639A9004B488B /* PromoSteam.app */ = {isa = PBXFileReference; explicitFileType = wrapper.application; includeInIndex = 0; path = PromoSteam.app; sourceTree = BUILT_PRODUCTS_DIR; };
		6451C4262B4639A9004B488B /* AppDelegate.swift */ = {isa = PBXFileReference; lastKnownFileType = sourcecode.swift; path = AppDelegate.swift; sourceTree = "<group>"; };
		6451C4282B4639A9004B488B /* SceneDelegate.swift */ = {isa = PBXFileReference; lastKnownFileType = sourcecode.swift; path = SceneDelegate.swift; sourceTree = "<group>"; };
		6451C42A2B4639A9004B488B /* LoginScreen.swift */ = {isa = PBXFileReference; lastKnownFileType = sourcecode.swift; path = LoginScreen.swift; sourceTree = "<group>"; };
		6451C42F2B4639AB004B488B /* Assets.xcassets */ = {isa = PBXFileReference; lastKnownFileType = folder.assetcatalog; path = Assets.xcassets; sourceTree = "<group>"; };
		6451C4322B4639AB004B488B /* Base */ = {isa = PBXFileReference; lastKnownFileType = file.storyboard; name = Base; path = Base.lproj/LaunchScreen.storyboard; sourceTree = "<group>"; };
		6451C4342B4639AB004B488B /* Info.plist */ = {isa = PBXFileReference; lastKnownFileType = text.plist.xml; path = Info.plist; sourceTree = "<group>"; };
		6451C43F2B470230004B488B /* LoginViewController.swift */ = {isa = PBXFileReference; lastKnownFileType = sourcecode.swift; path = LoginViewController.swift; sourceTree = "<group>"; };
		64A815E02B49763A008C6E1A /* LoginViewModel.swift */ = {isa = PBXFileReference; lastKnownFileType = sourcecode.swift; path = LoginViewModel.swift; sourceTree = "<group>"; };
		64A815EC2B49B3A5008C6E1A /* RegisterViewModel.swift */ = {isa = PBXFileReference; lastKnownFileType = sourcecode.swift; path = RegisterViewModel.swift; sourceTree = "<group>"; };
/* End PBXFileReference section */

/* Begin PBXFrameworksBuildPhase section */
		6451C4202B4639A9004B488B /* Frameworks */ = {
			isa = PBXFrameworksBuildPhase;
			buildActionMask = 2147483647;
			files = (
				643DC39D2B50A35F0063F3BA /* FirebaseAnalyticsSwift in Frameworks */,
				643DC3992B50A35F0063F3BA /* FirebaseAnalytics in Frameworks */,
				643DC39B2B50A35F0063F3BA /* FirebaseAnalyticsOnDeviceConversion in Frameworks */,
				643DC3A12B50A35F0063F3BA /* FirebaseAppCheck in Frameworks */,
				643DC39F2B50A35F0063F3BA /* FirebaseAnalyticsWithoutAdIdSupport in Frameworks */,
				643DC3A52B50A35F0063F3BA /* FirebaseAuth in Frameworks */,
				643DC3A32B50A35F0063F3BA /* FirebaseAppDistribution-Beta in Frameworks */,
				643DC3A72B50A35F0063F3BA /* FirebaseAuthCombine-Community in Frameworks */,
			);
			runOnlyForDeploymentPostprocessing = 0;
		};
/* End PBXFrameworksBuildPhase section */

/* Begin PBXGroup section */
		643DC38F2B4FADA70063F3BA /* Home */ = {
			isa = PBXGroup;
			children = (
				643DC3B72B586F690063F3BA /* Cell */,
				643DC3AF2B581E050063F3BA /* ViewModel */,
				643DC3902B4FADB50063F3BA /* View */,
			);
			path = Home;
			sourceTree = "<group>";
		};
		643DC3902B4FADB50063F3BA /* View */ = {
			isa = PBXGroup;
			children = (
				643DC3912B4FADD00063F3BA /* HomeViewController.swift */,
				643DC3932B4FADF50063F3BA /* HomeScreen.swift */,
			);
			path = View;
			sourceTree = "<group>";
		};
		643DC3A82B581B890063F3BA /* Services */ = {
			isa = PBXGroup;
			children = (
				643DC3AD2B581DDB0063F3BA /* APIServiceProtocol.swift */,
				643DC3B52B5864020063F3BA /* APIClient.swift */,
			);
			path = Services;
			sourceTree = "<group>";
		};
		643DC3AF2B581E050063F3BA /* ViewModel */ = {
			isa = PBXGroup;
			children = (
				643DC3B02B581E1A0063F3BA /* HomeViewModel.swift */,
			);
			path = ViewModel;
			sourceTree = "<group>";
		};
		643DC3B22B581FFD0063F3BA /* Models */ = {
			isa = PBXGroup;
			children = (
				643DC3B32B5820190063F3BA /* Deal.swift */,
				643DC3BA2B587FAB0063F3BA /* APIError.swift */,
			);
			path = Models;
			sourceTree = "<group>";
		};
		643DC3B72B586F690063F3BA /* Cell */ = {
			isa = PBXGroup;
			children = (
				643DC3B82B586F980063F3BA /* DealTableViewCell.swift */,
			);
			path = Cell;
			sourceTree = "<group>";
		};
		6451C41A2B4639A9004B488B = {
			isa = PBXGroup;
			children = (
				6451C4252B4639A9004B488B /* PromoSteam */,
				6451C4242B4639A9004B488B /* Products */,
			);
			sourceTree = "<group>";
		};
		6451C4242B4639A9004B488B /* Products */ = {
			isa = PBXGroup;
			children = (
				6451C4232B4639A9004B488B /* PromoSteam.app */,
			);
			name = Products;
			sourceTree = "<group>";
		};
		6451C4252B4639A9004B488B /* PromoSteam */ = {
			isa = PBXGroup;
			children = (
				643DC3B22B581FFD0063F3BA /* Models */,
				643DC3A82B581B890063F3BA /* Services */,
				64A815DC2B497508008C6E1A /* Features */,
				6451C43A2B46E440004B488B /* Resources */,
				64A815E22B497A20008C6E1A /* Shared */,
				6451C4342B4639AB004B488B /* Info.plist */,
				643DC3952B50A1830063F3BA /* GoogleService-Info.plist */,
			);
			path = PromoSteam;
			sourceTree = "<group>";
		};
		6451C43A2B46E440004B488B /* Resources */ = {
			isa = PBXGroup;
			children = (
				6451C42F2B4639AB004B488B /* Assets.xcassets */,
				6451C4312B4639AB004B488B /* LaunchScreen.storyboard */,
				6451C4262B4639A9004B488B /* AppDelegate.swift */,
				6451C4282B4639A9004B488B /* SceneDelegate.swift */,
			);
			path = Resources;
			sourceTree = "<group>";
		};
		6451C43B2B46E72E004B488B /* Login */ = {
			isa = PBXGroup;
			children = (
				64A815DD2B497533008C6E1A /* View */,
				64A815DE2B497545008C6E1A /* ViewModel */,
				64A815DF2B49754F008C6E1A /* Model */,
			);
			path = Login;
			sourceTree = "<group>";
		};
		64A815DC2B497508008C6E1A /* Features */ = {
			isa = PBXGroup;
			children = (
				643DC38F2B4FADA70063F3BA /* Home */,
				64A815E62B49ABFA008C6E1A /* Register */,
				6451C43B2B46E72E004B488B /* Login */,
			);
			path = Features;
			sourceTree = "<group>";
		};
		64A815DD2B497533008C6E1A /* View */ = {
			isa = PBXGroup;
			children = (
				6451C43F2B470230004B488B /* LoginViewController.swift */,
				6451C42A2B4639A9004B488B /* LoginScreen.swift */,
			);
			path = View;
			sourceTree = "<group>";
		};
		64A815DE2B497545008C6E1A /* ViewModel */ = {
			isa = PBXGroup;
			children = (
				64A815E02B49763A008C6E1A /* LoginViewModel.swift */,
			);
			path = ViewModel;
			sourceTree = "<group>";
		};
		64A815DF2B49754F008C6E1A /* Model */ = {
			isa = PBXGroup;
			children = (
			);
			path = Model;
			sourceTree = "<group>";
		};
		64A815E22B497A20008C6E1A /* Shared */ = {
			isa = PBXGroup;
			children = (
				64A815E52B497B72008C6E1A /* Extensions */,
				64A815E42B497B67008C6E1A /* Helpers */,
				64A815E32B497B52008C6E1A /* Resources */,
			);
			path = Shared;
			sourceTree = "<group>";
		};
		64A815E32B497B52008C6E1A /* Resources */ = {
			isa = PBXGroup;
			children = (
			);
			path = Resources;
			sourceTree = "<group>";
		};
		64A815E42B497B67008C6E1A /* Helpers */ = {
			isa = PBXGroup;
			children = (
			);
			path = Helpers;
			sourceTree = "<group>";
		};
		64A815E52B497B72008C6E1A /* Extensions */ = {
			isa = PBXGroup;
			children = (
			);
			path = Extensions;
			sourceTree = "<group>";
		};
		64A815E62B49ABFA008C6E1A /* Register */ = {
			isa = PBXGroup;
			children = (
				64A815E92B49AC3F008C6E1A /* View */,
				64A815E82B49AC31008C6E1A /* ViewModel */,
				64A815E72B49AC09008C6E1A /* Model */,
			);
			path = Register;
			sourceTree = "<group>";
		};
		64A815E72B49AC09008C6E1A /* Model */ = {
			isa = PBXGroup;
			children = (
			);
			path = Model;
			sourceTree = "<group>";
		};
		64A815E82B49AC31008C6E1A /* ViewModel */ = {
			isa = PBXGroup;
			children = (
				64A815EC2B49B3A5008C6E1A /* RegisterViewModel.swift */,
			);
			path = ViewModel;
			sourceTree = "<group>";
		};
		64A815E92B49AC3F008C6E1A /* View */ = {
			isa = PBXGroup;
			children = (
				643DC38B2B4F1FC30063F3BA /* RegisterViewController.swift */,
				643DC38D2B4FA9A60063F3BA /* RegisterScreen.swift */,
			);
			path = View;
			sourceTree = "<group>";
		};
/* End PBXGroup section */

/* Begin PBXNativeTarget section */
		6451C4222B4639A9004B488B /* PromoSteam */ = {
			isa = PBXNativeTarget;
			buildConfigurationList = 6451C4372B4639AB004B488B /* Build configuration list for PBXNativeTarget "PromoSteam" */;
			buildPhases = (
				6451C41F2B4639A9004B488B /* Sources */,
				6451C4202B4639A9004B488B /* Frameworks */,
				6451C4212B4639A9004B488B /* Resources */,
			);
			buildRules = (
			);
			dependencies = (
			);
			name = PromoSteam;
			packageProductDependencies = (
				643DC3982B50A35F0063F3BA /* FirebaseAnalytics */,
				643DC39A2B50A35F0063F3BA /* FirebaseAnalyticsOnDeviceConversion */,
				643DC39C2B50A35F0063F3BA /* FirebaseAnalyticsSwift */,
				643DC39E2B50A35F0063F3BA /* FirebaseAnalyticsWithoutAdIdSupport */,
				643DC3A02B50A35F0063F3BA /* FirebaseAppCheck */,
				643DC3A22B50A35F0063F3BA /* FirebaseAppDistribution-Beta */,
				643DC3A42B50A35F0063F3BA /* FirebaseAuth */,
				643DC3A62B50A35F0063F3BA /* FirebaseAuthCombine-Community */,
			);
			productName = PromoSteam;
			productReference = 6451C4232B4639A9004B488B /* PromoSteam.app */;
			productType = "com.apple.product-type.application";
		};
/* End PBXNativeTarget section */

/* Begin PBXProject section */
		6451C41B2B4639A9004B488B /* Project object */ = {
			isa = PBXProject;
			attributes = {
				BuildIndependentTargetsInParallel = 1;
				LastSwiftUpdateCheck = 1510;
				LastUpgradeCheck = 1510;
				TargetAttributes = {
					6451C4222B4639A9004B488B = {
						CreatedOnToolsVersion = 15.1;
					};
				};
			};
			buildConfigurationList = 6451C41E2B4639A9004B488B /* Build configuration list for PBXProject "PromoSteam" */;
			compatibilityVersion = "Xcode 14.0";
			developmentRegion = en;
			hasScannedForEncodings = 0;
			knownRegions = (
				en,
				Base,
			);
			mainGroup = 6451C41A2B4639A9004B488B;
			packageReferences = (
				643DC3972B50A35F0063F3BA /* XCRemoteSwiftPackageReference "firebase-ios-sdk" */,
			);
			productRefGroup = 6451C4242B4639A9004B488B /* Products */;
			projectDirPath = "";
			projectRoot = "";
			targets = (
				6451C4222B4639A9004B488B /* PromoSteam */,
			);
		};
/* End PBXProject section */

/* Begin PBXResourcesBuildPhase section */
		6451C4212B4639A9004B488B /* Resources */ = {
			isa = PBXResourcesBuildPhase;
			buildActionMask = 2147483647;
			files = (
				6451C4332B4639AB004B488B /* LaunchScreen.storyboard in Resources */,
				6451C4302B4639AB004B488B /* Assets.xcassets in Resources */,
				643DC3962B50A1830063F3BA /* GoogleService-Info.plist in Resources */,
			);
			runOnlyForDeploymentPostprocessing = 0;
		};
/* End PBXResourcesBuildPhase section */

/* Begin PBXSourcesBuildPhase section */
		6451C41F2B4639A9004B488B /* Sources */ = {
			isa = PBXSourcesBuildPhase;
			buildActionMask = 2147483647;
			files = (
				643DC3AE2B581DDB0063F3BA /* APIServiceProtocol.swift in Sources */,
				643DC3B62B5864020063F3BA /* APIClient.swift in Sources */,
				6451C42B2B4639A9004B488B /* LoginScreen.swift in Sources */,
				6451C4402B470230004B488B /* LoginViewController.swift in Sources */,
				643DC38C2B4F1FC30063F3BA /* RegisterViewController.swift in Sources */,
				64A815ED2B49B3A5008C6E1A /* RegisterViewModel.swift in Sources */,
				643DC38E2B4FA9A60063F3BA /* RegisterScreen.swift in Sources */,
				643DC3B92B586F980063F3BA /* DealTableViewCell.swift in Sources */,
				643DC3922B4FADD00063F3BA /* HomeViewController.swift in Sources */,
				643DC3B12B581E1A0063F3BA /* HomeViewModel.swift in Sources */,
				643DC3942B4FADF50063F3BA /* HomeScreen.swift in Sources */,
				6451C4272B4639A9004B488B /* AppDelegate.swift in Sources */,
				64A815E12B49763A008C6E1A /* LoginViewModel.swift in Sources */,
				643DC3BB2B587FAB0063F3BA /* APIError.swift in Sources */,
				6451C4292B4639A9004B488B /* SceneDelegate.swift in Sources */,
				643DC3B42B5820190063F3BA /* Deal.swift in Sources */,
			);
			runOnlyForDeploymentPostprocessing = 0;
		};
/* End PBXSourcesBuildPhase section */

/* Begin PBXVariantGroup section */
		6451C4312B4639AB004B488B /* LaunchScreen.storyboard */ = {
			isa = PBXVariantGroup;
			children = (
				6451C4322B4639AB004B488B /* Base */,
			);
			name = LaunchScreen.storyboard;
			sourceTree = "<group>";
		};
/* End PBXVariantGroup section */

/* Begin XCBuildConfiguration section */
		6451C4352B4639AB004B488B /* Debug */ = {
			isa = XCBuildConfiguration;
			buildSettings = {
				ALWAYS_SEARCH_USER_PATHS = NO;
				ASSETCATALOG_COMPILER_GENERATE_SWIFT_ASSET_SYMBOL_EXTENSIONS = YES;
				CLANG_ANALYZER_NONNULL = YES;
				CLANG_ANALYZER_NUMBER_OBJECT_CONVERSION = YES_AGGRESSIVE;
				CLANG_CXX_LANGUAGE_STANDARD = "gnu++20";
				CLANG_ENABLE_MODULES = YES;
				CLANG_ENABLE_OBJC_ARC = YES;
				CLANG_ENABLE_OBJC_WEAK = YES;
				CLANG_WARN_BLOCK_CAPTURE_AUTORELEASING = YES;
				CLANG_WARN_BOOL_CONVERSION = YES;
				CLANG_WARN_COMMA = YES;
				CLANG_WARN_CONSTANT_CONVERSION = YES;
				CLANG_WARN_DEPRECATED_OBJC_IMPLEMENTATIONS = YES;
				CLANG_WARN_DIRECT_OBJC_ISA_USAGE = YES_ERROR;
				CLANG_WARN_DOCUMENTATION_COMMENTS = YES;
				CLANG_WARN_EMPTY_BODY = YES;
				CLANG_WARN_ENUM_CONVERSION = YES;
				CLANG_WARN_INFINITE_RECURSION = YES;
				CLANG_WARN_INT_CONVERSION = YES;
				CLANG_WARN_NON_LITERAL_NULL_CONVERSION = YES;
				CLANG_WARN_OBJC_IMPLICIT_RETAIN_SELF = YES;
				CLANG_WARN_OBJC_LITERAL_CONVERSION = YES;
				CLANG_WARN_OBJC_ROOT_CLASS = YES_ERROR;
				CLANG_WARN_QUOTED_INCLUDE_IN_FRAMEWORK_HEADER = YES;
				CLANG_WARN_RANGE_LOOP_ANALYSIS = YES;
				CLANG_WARN_STRICT_PROTOTYPES = YES;
				CLANG_WARN_SUSPICIOUS_MOVE = YES;
				CLANG_WARN_UNGUARDED_AVAILABILITY = YES_AGGRESSIVE;
				CLANG_WARN_UNREACHABLE_CODE = YES;
				CLANG_WARN__DUPLICATE_METHOD_MATCH = YES;
				COPY_PHASE_STRIP = NO;
				DEBUG_INFORMATION_FORMAT = dwarf;
				ENABLE_STRICT_OBJC_MSGSEND = YES;
				ENABLE_TESTABILITY = YES;
				ENABLE_USER_SCRIPT_SANDBOXING = YES;
				GCC_C_LANGUAGE_STANDARD = gnu17;
				GCC_DYNAMIC_NO_PIC = NO;
				GCC_NO_COMMON_BLOCKS = YES;
				GCC_OPTIMIZATION_LEVEL = 0;
				GCC_PREPROCESSOR_DEFINITIONS = (
					"DEBUG=1",
					"$(inherited)",
				);
				GCC_WARN_64_TO_32_BIT_CONVERSION = YES;
				GCC_WARN_ABOUT_RETURN_TYPE = YES_ERROR;
				GCC_WARN_UNDECLARED_SELECTOR = YES;
				GCC_WARN_UNINITIALIZED_AUTOS = YES_AGGRESSIVE;
				GCC_WARN_UNUSED_FUNCTION = YES;
				GCC_WARN_UNUSED_VARIABLE = YES;
				IPHONEOS_DEPLOYMENT_TARGET = 17.2;
				LOCALIZATION_PREFERS_STRING_CATALOGS = YES;
				MTL_ENABLE_DEBUG_INFO = INCLUDE_SOURCE;
				MTL_FAST_MATH = YES;
				ONLY_ACTIVE_ARCH = YES;
				SDKROOT = iphoneos;
				SWIFT_ACTIVE_COMPILATION_CONDITIONS = "DEBUG $(inherited)";
				SWIFT_OPTIMIZATION_LEVEL = "-Onone";
			};
			name = Debug;
		};
		6451C4362B4639AB004B488B /* Release */ = {
			isa = XCBuildConfiguration;
			buildSettings = {
				ALWAYS_SEARCH_USER_PATHS = NO;
				ASSETCATALOG_COMPILER_GENERATE_SWIFT_ASSET_SYMBOL_EXTENSIONS = YES;
				CLANG_ANALYZER_NONNULL = YES;
				CLANG_ANALYZER_NUMBER_OBJECT_CONVERSION = YES_AGGRESSIVE;
				CLANG_CXX_LANGUAGE_STANDARD = "gnu++20";
				CLANG_ENABLE_MODULES = YES;
				CLANG_ENABLE_OBJC_ARC = YES;
				CLANG_ENABLE_OBJC_WEAK = YES;
				CLANG_WARN_BLOCK_CAPTURE_AUTORELEASING = YES;
				CLANG_WARN_BOOL_CONVERSION = YES;
				CLANG_WARN_COMMA = YES;
				CLANG_WARN_CONSTANT_CONVERSION = YES;
				CLANG_WARN_DEPRECATED_OBJC_IMPLEMENTATIONS = YES;
				CLANG_WARN_DIRECT_OBJC_ISA_USAGE = YES_ERROR;
				CLANG_WARN_DOCUMENTATION_COMMENTS = YES;
				CLANG_WARN_EMPTY_BODY = YES;
				CLANG_WARN_ENUM_CONVERSION = YES;
				CLANG_WARN_INFINITE_RECURSION = YES;
				CLANG_WARN_INT_CONVERSION = YES;
				CLANG_WARN_NON_LITERAL_NULL_CONVERSION = YES;
				CLANG_WARN_OBJC_IMPLICIT_RETAIN_SELF = YES;
				CLANG_WARN_OBJC_LITERAL_CONVERSION = YES;
				CLANG_WARN_OBJC_ROOT_CLASS = YES_ERROR;
				CLANG_WARN_QUOTED_INCLUDE_IN_FRAMEWORK_HEADER = YES;
				CLANG_WARN_RANGE_LOOP_ANALYSIS = YES;
				CLANG_WARN_STRICT_PROTOTYPES = YES;
				CLANG_WARN_SUSPICIOUS_MOVE = YES;
				CLANG_WARN_UNGUARDED_AVAILABILITY = YES_AGGRESSIVE;
				CLANG_WARN_UNREACHABLE_CODE = YES;
				CLANG_WARN__DUPLICATE_METHOD_MATCH = YES;
				COPY_PHASE_STRIP = NO;
				DEBUG_INFORMATION_FORMAT = "dwarf-with-dsym";
				ENABLE_NS_ASSERTIONS = NO;
				ENABLE_STRICT_OBJC_MSGSEND = YES;
				ENABLE_USER_SCRIPT_SANDBOXING = YES;
				GCC_C_LANGUAGE_STANDARD = gnu17;
				GCC_NO_COMMON_BLOCKS = YES;
				GCC_WARN_64_TO_32_BIT_CONVERSION = YES;
				GCC_WARN_ABOUT_RETURN_TYPE = YES_ERROR;
				GCC_WARN_UNDECLARED_SELECTOR = YES;
				GCC_WARN_UNINITIALIZED_AUTOS = YES_AGGRESSIVE;
				GCC_WARN_UNUSED_FUNCTION = YES;
				GCC_WARN_UNUSED_VARIABLE = YES;
				IPHONEOS_DEPLOYMENT_TARGET = 17.2;
				LOCALIZATION_PREFERS_STRING_CATALOGS = YES;
				MTL_ENABLE_DEBUG_INFO = NO;
				MTL_FAST_MATH = YES;
				SDKROOT = iphoneos;
				SWIFT_COMPILATION_MODE = wholemodule;
				VALIDATE_PRODUCT = YES;
			};
			name = Release;
		};
		6451C4382B4639AB004B488B /* Debug */ = {
			isa = XCBuildConfiguration;
			buildSettings = {
				ASSETCATALOG_COMPILER_APPICON_NAME = AppIcon;
				ASSETCATALOG_COMPILER_GLOBAL_ACCENT_COLOR_NAME = AccentColor;
				CODE_SIGN_STYLE = Automatic;
				CURRENT_PROJECT_VERSION = 1;
				GENERATE_INFOPLIST_FILE = YES;
				INFOPLIST_FILE = PromoSteam/Info.plist;
				INFOPLIST_KEY_UIApplicationSupportsIndirectInputEvents = YES;
				INFOPLIST_KEY_UILaunchStoryboardName = LaunchScreen;
				INFOPLIST_KEY_UIMainStoryboardFile = "";
				INFOPLIST_KEY_UISupportedInterfaceOrientations_iPad = "UIInterfaceOrientationPortrait UIInterfaceOrientationPortraitUpsideDown UIInterfaceOrientationLandscapeLeft UIInterfaceOrientationLandscapeRight";
				INFOPLIST_KEY_UISupportedInterfaceOrientations_iPhone = "UIInterfaceOrientationPortrait UIInterfaceOrientationLandscapeLeft UIInterfaceOrientationLandscapeRight";
				LD_RUNPATH_SEARCH_PATHS = (
					"$(inherited)",
					"@executable_path/Frameworks",
				);
				MARKETING_VERSION = 1.0;
				PRODUCT_BUNDLE_IDENTIFIER = andersonmlima.PromoSteam;
				PRODUCT_NAME = "$(TARGET_NAME)";
				SUPPORTED_PLATFORMS = "iphoneos iphonesimulator";
				SUPPORTS_MACCATALYST = NO;
				SUPPORTS_MAC_DESIGNED_FOR_IPHONE_IPAD = NO;
				SWIFT_EMIT_LOC_STRINGS = YES;
				SWIFT_VERSION = 5.0;
				TARGETED_DEVICE_FAMILY = 1;
			};
			name = Debug;
		};
		6451C4392B4639AB004B488B /* Release */ = {
			isa = XCBuildConfiguration;
			buildSettings = {
				ASSETCATALOG_COMPILER_APPICON_NAME = AppIcon;
				ASSETCATALOG_COMPILER_GLOBAL_ACCENT_COLOR_NAME = AccentColor;
				CODE_SIGN_STYLE = Automatic;
				CURRENT_PROJECT_VERSION = 1;
				GENERATE_INFOPLIST_FILE = YES;
				INFOPLIST_FILE = PromoSteam/Info.plist;
				INFOPLIST_KEY_UIApplicationSupportsIndirectInputEvents = YES;
				INFOPLIST_KEY_UILaunchStoryboardName = LaunchScreen;
				INFOPLIST_KEY_UIMainStoryboardFile = "";
				INFOPLIST_KEY_UISupportedInterfaceOrientations_iPad = "UIInterfaceOrientationPortrait UIInterfaceOrientationPortraitUpsideDown UIInterfaceOrientationLandscapeLeft UIInterfaceOrientationLandscapeRight";
				INFOPLIST_KEY_UISupportedInterfaceOrientations_iPhone = "UIInterfaceOrientationPortrait UIInterfaceOrientationLandscapeLeft UIInterfaceOrientationLandscapeRight";
				LD_RUNPATH_SEARCH_PATHS = (
					"$(inherited)",
					"@executable_path/Frameworks",
				);
				MARKETING_VERSION = 1.0;
				PRODUCT_BUNDLE_IDENTIFIER = andersonmlima.PromoSteam;
				PRODUCT_NAME = "$(TARGET_NAME)";
				SUPPORTED_PLATFORMS = "iphoneos iphonesimulator";
				SUPPORTS_MACCATALYST = NO;
				SUPPORTS_MAC_DESIGNED_FOR_IPHONE_IPAD = NO;
				SWIFT_EMIT_LOC_STRINGS = YES;
				SWIFT_VERSION = 5.0;
				TARGETED_DEVICE_FAMILY = 1;
			};
			name = Release;
		};
/* End XCBuildConfiguration section */

/* Begin XCConfigurationList section */
		6451C41E2B4639A9004B488B /* Build configuration list for PBXProject "PromoSteam" */ = {
			isa = XCConfigurationList;
			buildConfigurations = (
				6451C4352B4639AB004B488B /* Debug */,
				6451C4362B4639AB004B488B /* Release */,
			);
			defaultConfigurationIsVisible = 0;
			defaultConfigurationName = Release;
		};
		6451C4372B4639AB004B488B /* Build configuration list for PBXNativeTarget "PromoSteam" */ = {
			isa = XCConfigurationList;
			buildConfigurations = (
				6451C4382B4639AB004B488B /* Debug */,
				6451C4392B4639AB004B488B /* Release */,
			);
			defaultConfigurationIsVisible = 0;
			defaultConfigurationName = Release;
		};
/* End XCConfigurationList section */

/* Begin XCRemoteSwiftPackageReference section */
		643DC3972B50A35F0063F3BA /* XCRemoteSwiftPackageReference "firebase-ios-sdk" */ = {
			isa = XCRemoteSwiftPackageReference;
			repositoryURL = "https://github.com/firebase/firebase-ios-sdk";
			requirement = {
				kind = upToNextMajorVersion;
				minimumVersion = 10.19.1;
			};
		};
/* End XCRemoteSwiftPackageReference section */

/* Begin XCSwiftPackageProductDependency section */
		643DC3982B50A35F0063F3BA /* FirebaseAnalytics */ = {
			isa = XCSwiftPackageProductDependency;
			package = 643DC3972B50A35F0063F3BA /* XCRemoteSwiftPackageReference "firebase-ios-sdk" */;
			productName = FirebaseAnalytics;
		};
		643DC39A2B50A35F0063F3BA /* FirebaseAnalyticsOnDeviceConversion */ = {
			isa = XCSwiftPackageProductDependency;
			package = 643DC3972B50A35F0063F3BA /* XCRemoteSwiftPackageReference "firebase-ios-sdk" */;
			productName = FirebaseAnalyticsOnDeviceConversion;
		};
		643DC39C2B50A35F0063F3BA /* FirebaseAnalyticsSwift */ = {
			isa = XCSwiftPackageProductDependency;
			package = 643DC3972B50A35F0063F3BA /* XCRemoteSwiftPackageReference "firebase-ios-sdk" */;
			productName = FirebaseAnalyticsSwift;
		};
		643DC39E2B50A35F0063F3BA /* FirebaseAnalyticsWithoutAdIdSupport */ = {
			isa = XCSwiftPackageProductDependency;
			package = 643DC3972B50A35F0063F3BA /* XCRemoteSwiftPackageReference "firebase-ios-sdk" */;
			productName = FirebaseAnalyticsWithoutAdIdSupport;
		};
		643DC3A02B50A35F0063F3BA /* FirebaseAppCheck */ = {
			isa = XCSwiftPackageProductDependency;
			package = 643DC3972B50A35F0063F3BA /* XCRemoteSwiftPackageReference "firebase-ios-sdk" */;
			productName = FirebaseAppCheck;
		};
		643DC3A22B50A35F0063F3BA /* FirebaseAppDistribution-Beta */ = {
			isa = XCSwiftPackageProductDependency;
			package = 643DC3972B50A35F0063F3BA /* XCRemoteSwiftPackageReference "firebase-ios-sdk" */;
			productName = "FirebaseAppDistribution-Beta";
		};
		643DC3A42B50A35F0063F3BA /* FirebaseAuth */ = {
			isa = XCSwiftPackageProductDependency;
			package = 643DC3972B50A35F0063F3BA /* XCRemoteSwiftPackageReference "firebase-ios-sdk" */;
			productName = FirebaseAuth;
		};
		643DC3A62B50A35F0063F3BA /* FirebaseAuthCombine-Community */ = {
			isa = XCSwiftPackageProductDependency;
			package = 643DC3972B50A35F0063F3BA /* XCRemoteSwiftPackageReference "firebase-ios-sdk" */;
			productName = "FirebaseAuthCombine-Community";
		};
/* End XCSwiftPackageProductDependency section */
	};
	rootObject = 6451C41B2B4639A9004B488B /* Project object */;
}
